<?xml version="1.0" encoding="utf-8"?>
<Project ToolsVersion="4.0" xmlns="http://schemas.microsoft.com/developer/msbuild/2003">
  <ItemGroup>
    <Filter Include="Source Files">
      <UniqueIdentifier>{4FC737F1-C7A5-4376-A066-2A32D752A2FF}</UniqueIdentifier>
      <Extensions>cpp;c;cc;cxx;def;odl;idl;hpj;bat;asm;asmx</Extensions>
    </Filter>
    <Filter Include="Header Files">
      <UniqueIdentifier>{93995380-89BD-4b04-88EB-625FBE52EBFB}</UniqueIdentifier>
      <Extensions>h;hh;hpp;hxx;hm;inl;inc;xsd</Extensions>
    </Filter>
    <Filter Include="Resource Files">
      <UniqueIdentifier>{67DA6AB6-F800-4c08-8B7A-83BB121AAD01}</UniqueIdentifier>
      <Extensions>rc;ico;cur;bmp;dlg;rc2;rct;bin;rgs;gif;jpg;jpeg;jpe;resx;tiff;tif;png;wav;mfcribbon-ms</Extensions>
    </Filter>
  </ItemGroup>
  <ItemGroup>
    <ClCompile Include="main.cpp">
      <Filter>Source Files</Filter>
    </ClCompile>
    <ClCompile Include="base.cpp">
      <Filter>Source Files</Filter>
    </ClCompile>
    <ClCompile Include="geometrytools.cpp">
      <Filter>Source Files</Filter>
    </ClCompile>
    <ClCompile Include="halfedge.cpp">
      <Filter>Source Files</Filter>
    </ClCompile>
    <ClCompile Include="qquickhull.cpp">
      <Filter>Source Files</Filter>
    </ClCompile>
    <ClCompile Include="GLManager.cpp">
      <Filter>Source Files</Filter>
    </ClCompile>
    <ClCompile Include="GLColor.cpp">
      <Filter>Source Files</Filter>
    </ClCompile>
    <ClCompile Include="IOUtilities.cpp">
      <Filter>Source Files</Filter>
    </ClCompile>
    <ClCompile Include="EventManager.cpp">
      <Filter>Source Files</Filter>
    </ClCompile>
    <ClCompile Include="ModelViewProjection.cpp">
      <Filter>Source Files</Filter>
    </ClCompile>
    <ClCompile Include="scene.cpp">
      <Filter>Source Files</Filter>
    </ClCompile>
    <ClCompile Include="idnumber.cpp">
      <Filter>Source Files</Filter>
    </ClCompile>
  </ItemGroup>
  <ItemGroup>
    <ClInclude Include="base.h">
      <Filter>Header Files</Filter>
    </ClInclude>
    <ClInclude Include="geometrytools.h">
      <Filter>Header Files</Filter>
    </ClInclude>
    <ClInclude Include="constants.h">
      <Filter>Header Files</Filter>
    </ClInclude>
    <ClInclude Include="stdheaders.h">
      <Filter>Header Files</Filter>
    </ClInclude>
    <ClInclude Include="halfedge.h">
      <Filter>Header Files</Filter>
    </ClInclude>
    <ClInclude Include="qquickhull.h">
      <Filter>Header Files</Filter>
    </ClInclude>
    <ClInclude Include="GLManager.h">
      <Filter>Header Files</Filter>
    </ClInclude>
    <ClInclude Include="targetver.h">
      <Filter>Header Files</Filter>
    </ClInclude>
    <ClInclude Include="GLColor.h">
      <Filter>Header Files</Filter>
    </ClInclude>
    <ClInclude Include="IOUtilities.h">
      <Filter>Header Files</Filter>
    </ClInclude>
    <ClInclude Include="EventManager.h">
      <Filter>Header Files</Filter>
    </ClInclude>
    <ClInclude Include="ModelViewProjection.h">
      <Filter>Header Files</Filter>
    </ClInclude>
    <ClInclude Include="scene.h">
      <Filter>Header Files</Filter>
    </ClInclude>
    <ClInclude Include="idnumber.h">
      <Filter>Header Files</Filter>
    </ClInclude>
  </ItemGroup>
  <ItemGroup>
    <None Include="fgShader.glsl">
      <Filter>Resource Files</Filter>
    </None>
    <None Include="vxShader.glsl">
      <Filter>Resource Files</Filter>
    </None>
  </ItemGroup>
</Project>